
Microsoft Visual Studio Solution File, Format Version 12.00
# Visual Studio Version 17
VisualStudioVersion = 17.4.33213.308
MinimumVisualStudioVersion = 10.0.40219.1
Project("{FAE04EC0-301F-11D3-BF4B-00C04F79EFBC}") = "Cihak_programovani", "Cihak_programovani.csproj", "{0590BC13-9075-4020-8CE3-53C68AD8182A}"
EndProject
Global
	GlobalSection(SolutionConfigurationPlatforms) = preSolution
		Debug|Any CPU = Debug|Any CPU
		Release|Any CPU = Release|Any CPU
	EndGlobalSection
	GlobalSection(ProjectConfigurationPlatforms) = postSolution
		{0590BC13-9075-4020-8CE3-53C68AD8182A}.Debug|Any CPU.ActiveCfg = Debug|Any CPU
		{0590BC13-9075-4020-8CE3-53C68AD8182A}.Debug|Any CPU.Build.0 = Debug|Any CPU
		{0590BC13-9075-4020-8CE3-53C68AD8182A}.Release|Any CPU.ActiveCfg = Release|Any CPU
		{0590BC13-9075-4020-8CE3-53C68AD8182A}.Release|Any CPU.Build.0 = Release|Any CPU
	EndGlobalSection
	GlobalSection(SolutionProperties) = preSolution
		HideSolutionNode = FALSE
	EndGlobalSection
	GlobalSection(ExtensibilityGlobals) = postSolution
		SolutionGuid = {C4547215-A7A3-4EE7-9E33-82D5B428BAAA}
	EndGlobalSection
EndGlobal
